Microsoft Visual Studio Solution File, Format Version 12.00
# Visual Studio Version 17
VisualStudioVersion = 17.8.34525.116
MinimumVisualStudioVersion = 10.0.40219.1
Project("{8BC9CEB8-8B4A-11D0-8D11-00A0C91BC942}") = "stemmer", "src\3rdparty\stemmer\stemmer.vcxproj", "{56E53013-0938-339E-82D8-3EBC52EC01E3}"
EndProject
Project("{8BC9CEB8-8B4A-11D0-8D11-00A0C91BC942}") = "spatialindexnavel", "src\3rdparty\legacy\spatialindexnavel\spatialindexnavel.vcxproj", "{606EF865-8B73-337C-A290-78EDDF27868A}"
EndProject
Project("{8BC9CEB8-8B4A-11D0-8D11-00A0C91BC942}") = "zlib", "src\3rdparty\opennurbs\zlib\zlib.vcxproj", "{8282707B-2A3D-3D15-8B37-30F986918804}"
EndProject
Project("{8BC9CEB8-8B4A-11D0-8D11-00A0C91BC942}") = "opennurbs", "src\3rdparty\opennurbs\opennurbs\opennurbs.vcxproj", "{DAE7A9B7-1880-3132-87F9-7D305095F80C}"
	ProjectSection(ProjectDependencies) = postProject
		{8282707B-2A3D-3D15-8B37-30F986918804} = {8282707B-2A3D-3D15-8B37-30F986918804}
	EndProjectSection
EndProject
Project("{8BC9CEB8-8B4A-11D0-8D11-00A0C91BC942}") = "dxflib", "src\3rdparty\dxflib\dxflib.vcxproj", "{6B824C81-DC4B-3278-B179-8989489D0E8E}"
EndProject
Project("{8BC9CEB8-8B4A-11D0-8D11-00A0C91BC942}") = "qcadcore", "src\core\qcadcore.vcxproj", "{541F4E7F-D007-3A89-BC6A-652C381AED4F}"
	ProjectSection(ProjectDependencies) = postProject
		{DAE7A9B7-1880-3132-87F9-7D305095F80C} = {DAE7A9B7-1880-3132-87F9-7D305095F80C}
		{8282707B-2A3D-3D15-8B37-30F986918804} = {8282707B-2A3D-3D15-8B37-30F986918804}
	EndProjectSection
EndProject
Project("{8BC9CEB8-8B4A-11D0-8D11-00A0C91BC942}") = "qcadentity", "src\entity\qcadentity.vcxproj", "{30048439-6B81-3AE3-8640-D5845F118D59}"
	ProjectSection(ProjectDependencies) = postProject
		{541F4E7F-D007-3A89-BC6A-652C381AED4F} = {541F4E7F-D007-3A89-BC6A-652C381AED4F}
		{DAE7A9B7-1880-3132-87F9-7D305095F80C} = {DAE7A9B7-1880-3132-87F9-7D305095F80C}
	EndProjectSection
EndProject
Project("{8BC9CEB8-8B4A-11D0-8D11-00A0C91BC942}") = "qcadgrid", "src\grid\qcadgrid.vcxproj", "{CBB169D6-0AD3-35A8-BC72-067F032B4C8C}"
	ProjectSection(ProjectDependencies) = postProject
		{541F4E7F-D007-3A89-BC6A-652C381AED4F} = {541F4E7F-D007-3A89-BC6A-652C381AED4F}
	EndProjectSection
EndProject
Project("{8BC9CEB8-8B4A-11D0-8D11-00A0C91BC942}") = "qcadscripts", "src\scripts\qcadscripts.vcxproj", "{0AB5B24D-BAAF-395B-9665-80D2D49F6726}"
	ProjectSection(ProjectDependencies) = postProject
		{541F4E7F-D007-3A89-BC6A-652C381AED4F} = {541F4E7F-D007-3A89-BC6A-652C381AED4F}
	EndProjectSection
EndProject
Project("{8BC9CEB8-8B4A-11D0-8D11-00A0C91BC942}") = "qcadsnap", "src\snap\qcadsnap.vcxproj", "{84FC4A97-2091-3860-AD08-E255EF36F5F3}"
	ProjectSection(ProjectDependencies) = postProject
		{541F4E7F-D007-3A89-BC6A-652C381AED4F} = {541F4E7F-D007-3A89-BC6A-652C381AED4F}
		{CBB169D6-0AD3-35A8-BC72-067F032B4C8C} = {CBB169D6-0AD3-35A8-BC72-067F032B4C8C}
		{30048439-6B81-3AE3-8640-D5845F118D59} = {30048439-6B81-3AE3-8640-D5845F118D59}
	EndProjectSection
EndProject
Project("{8BC9CEB8-8B4A-11D0-8D11-00A0C91BC942}") = "qcadoperations", "src\operations\qcadoperations.vcxproj", "{CE51CBD2-5422-372C-9B67-3C4BDFDD3E4B}"
	ProjectSection(ProjectDependencies) = postProject
		{541F4E7F-D007-3A89-BC6A-652C381AED4F} = {541F4E7F-D007-3A89-BC6A-652C381AED4F}
		{30048439-6B81-3AE3-8640-D5845F118D59} = {30048439-6B81-3AE3-8640-D5845F118D59}
	EndProjectSection
EndProject
Project("{8BC9CEB8-8B4A-11D0-8D11-00A0C91BC942}") = "qcadstemmer", "src\stemmer\qcadstemmer.vcxproj", "{B00F67C9-18C3-302A-94C6-B144EC4A6DBE}"
	ProjectSection(ProjectDependencies) = postProject
		{56E53013-0938-339E-82D8-3EBC52EC01E3} = {56E53013-0938-339E-82D8-3EBC52EC01E3}
	EndProjectSection
EndProject
Project("{8BC9CEB8-8B4A-11D0-8D11-00A0C91BC942}") = "qcadspatialindex", "src\spatialindex\qcadspatialindex.vcxproj", "{4FF02FEA-51FB-3702-807D-66F1C42621E6}"
	ProjectSection(ProjectDependencies) = postProject
		{541F4E7F-D007-3A89-BC6A-652C381AED4F} = {541F4E7F-D007-3A89-BC6A-652C381AED4F}
		{606EF865-8B73-337C-A290-78EDDF27868A} = {606EF865-8B73-337C-A290-78EDDF27868A}
	EndProjectSection
EndProject
Project("{8BC9CEB8-8B4A-11D0-8D11-00A0C91BC942}") = "qcadgui", "src\gui\qcadgui.vcxproj", "{465A2FE9-4D01-3F8E-B4F7-BD507C40C453}"
	ProjectSection(ProjectDependencies) = postProject
		{541F4E7F-D007-3A89-BC6A-652C381AED4F} = {541F4E7F-D007-3A89-BC6A-652C381AED4F}
		{30048439-6B81-3AE3-8640-D5845F118D59} = {30048439-6B81-3AE3-8640-D5845F118D59}
	EndProjectSection
EndProject
Project("{8BC9CEB8-8B4A-11D0-8D11-00A0C91BC942}") = "qcaddxf", "src\io\dxf\qcaddxf.vcxproj", "{909823D4-657D-3ECF-B1F2-6B1C09289A77}"
	ProjectSection(ProjectDependencies) = postProject
		{541F4E7F-D007-3A89-BC6A-652C381AED4F} = {541F4E7F-D007-3A89-BC6A-652C381AED4F}
		{30048439-6B81-3AE3-8640-D5845F118D59} = {30048439-6B81-3AE3-8640-D5845F118D59}
		{6B824C81-DC4B-3278-B179-8989489D0E8E} = {6B824C81-DC4B-3278-B179-8989489D0E8E}
		{CE51CBD2-5422-372C-9B67-3C4BDFDD3E4B} = {CE51CBD2-5422-372C-9B67-3C4BDFDD3E4B}
	EndProjectSection
EndProject
Project("{8BC9CEB8-8B4A-11D0-8D11-00A0C91BC942}") = "qcadecmaapi", "src\scripting\ecmaapi\qcadecmaapi.vcxproj", "{61872E03-04B8-3232-81C3-B32633E31ED6}"
	ProjectSection(ProjectDependencies) = postProject
		{541F4E7F-D007-3A89-BC6A-652C381AED4F} = {541F4E7F-D007-3A89-BC6A-652C381AED4F}
		{30048439-6B81-3AE3-8640-D5845F118D59} = {30048439-6B81-3AE3-8640-D5845F118D59}
		{CBB169D6-0AD3-35A8-BC72-067F032B4C8C} = {CBB169D6-0AD3-35A8-BC72-067F032B4C8C}
		{465A2FE9-4D01-3F8E-B4F7-BD507C40C453} = {465A2FE9-4D01-3F8E-B4F7-BD507C40C453}
		{CE51CBD2-5422-372C-9B67-3C4BDFDD3E4B} = {CE51CBD2-5422-372C-9B67-3C4BDFDD3E4B}
		{84FC4A97-2091-3860-AD08-E255EF36F5F3} = {84FC4A97-2091-3860-AD08-E255EF36F5F3}
		{4FF02FEA-51FB-3702-807D-66F1C42621E6} = {4FF02FEA-51FB-3702-807D-66F1C42621E6}
		{B00F67C9-18C3-302A-94C6-B144EC4A6DBE} = {B00F67C9-18C3-302A-94C6-B144EC4A6DBE}
	EndProjectSection
EndProject
Project("{8BC9CEB8-8B4A-11D0-8D11-00A0C91BC942}") = "qcadcustomwidgets", "src\customwidgets\qcadcustomwidgets.vcxproj", "{1A0EA1F4-1C7E-363F-89E6-F684F8C72233}"
	ProjectSection(ProjectDependencies) = postProject
		{465A2FE9-4D01-3F8E-B4F7-BD507C40C453} = {465A2FE9-4D01-3F8E-B4F7-BD507C40C453}
		{541F4E7F-D007-3A89-BC6A-652C381AED4F} = {541F4E7F-D007-3A89-BC6A-652C381AED4F}
	EndProjectSection
EndProject
Project("{8BC9CEB8-8B4A-11D0-8D11-00A0C91BC942}") = "qcad", "src\run\qcad.vcxproj", "{9B0F9161-DDF4-3F10-BCCE-7F2C2E3A31D6}"
	ProjectSection(ProjectDependencies) = postProject
		{61872E03-04B8-3232-81C3-B32633E31ED6} = {61872E03-04B8-3232-81C3-B32633E31ED6}
		{465A2FE9-4D01-3F8E-B4F7-BD507C40C453} = {465A2FE9-4D01-3F8E-B4F7-BD507C40C453}
		{30048439-6B81-3AE3-8640-D5845F118D59} = {30048439-6B81-3AE3-8640-D5845F118D59}
		{CE51CBD2-5422-372C-9B67-3C4BDFDD3E4B} = {CE51CBD2-5422-372C-9B67-3C4BDFDD3E4B}
		{4FF02FEA-51FB-3702-807D-66F1C42621E6} = {4FF02FEA-51FB-3702-807D-66F1C42621E6}
		{606EF865-8B73-337C-A290-78EDDF27868A} = {606EF865-8B73-337C-A290-78EDDF27868A}
		{CBB169D6-0AD3-35A8-BC72-067F032B4C8C} = {CBB169D6-0AD3-35A8-BC72-067F032B4C8C}
		{84FC4A97-2091-3860-AD08-E255EF36F5F3} = {84FC4A97-2091-3860-AD08-E255EF36F5F3}
		{541F4E7F-D007-3A89-BC6A-652C381AED4F} = {541F4E7F-D007-3A89-BC6A-652C381AED4F}
		{B00F67C9-18C3-302A-94C6-B144EC4A6DBE} = {B00F67C9-18C3-302A-94C6-B144EC4A6DBE}
		{56E53013-0938-339E-82D8-3EBC52EC01E3} = {56E53013-0938-339E-82D8-3EBC52EC01E3}
		{DAE7A9B7-1880-3132-87F9-7D305095F80C} = {DAE7A9B7-1880-3132-87F9-7D305095F80C}
		{8282707B-2A3D-3D15-8B37-30F986918804} = {8282707B-2A3D-3D15-8B37-30F986918804}
	EndProjectSection
EndProject
Global
	GlobalSection(SolutionConfigurationPlatforms) = preSolution
		Debug|x64 = Debug|x64
		Release|x64 = Release|x64
	EndGlobalSection
	GlobalSection(ProjectConfigurationPlatforms) = postSolution
		{56E53013-0938-339E-82D8-3EBC52EC01E3}.Debug|x64.ActiveCfg = Debug|x64
		{56E53013-0938-339E-82D8-3EBC52EC01E3}.Debug|x64.Build.0 = Debug|x64
		{56E53013-0938-339E-82D8-3EBC52EC01E3}.Release|x64.ActiveCfg = Release|x64
		{56E53013-0938-339E-82D8-3EBC52EC01E3}.Release|x64.Build.0 = Release|x64
		{606EF865-8B73-337C-A290-78EDDF27868A}.Debug|x64.ActiveCfg = Debug|x64
		{606EF865-8B73-337C-A290-78EDDF27868A}.Debug|x64.Build.0 = Debug|x64
		{606EF865-8B73-337C-A290-78EDDF27868A}.Release|x64.ActiveCfg = Release|x64
		{606EF865-8B73-337C-A290-78EDDF27868A}.Release|x64.Build.0 = Release|x64
		{8282707B-2A3D-3D15-8B37-30F986918804}.Debug|x64.ActiveCfg = Debug|x64
		{8282707B-2A3D-3D15-8B37-30F986918804}.Debug|x64.Build.0 = Debug|x64
		{8282707B-2A3D-3D15-8B37-30F986918804}.Release|x64.ActiveCfg = Release|x64
		{8282707B-2A3D-3D15-8B37-30F986918804}.Release|x64.Build.0 = Release|x64
		{DAE7A9B7-1880-3132-87F9-7D305095F80C}.Debug|x64.ActiveCfg = Debug|x64
		{DAE7A9B7-1880-3132-87F9-7D305095F80C}.Debug|x64.Build.0 = Debug|x64
		{DAE7A9B7-1880-3132-87F9-7D305095F80C}.Release|x64.ActiveCfg = Release|x64
		{DAE7A9B7-1880-3132-87F9-7D305095F80C}.Release|x64.Build.0 = Release|x64
		{6B824C81-DC4B-3278-B179-8989489D0E8E}.Debug|x64.ActiveCfg = Debug|x64
		{6B824C81-DC4B-3278-B179-8989489D0E8E}.Debug|x64.Build.0 = Debug|x64
		{6B824C81-DC4B-3278-B179-8989489D0E8E}.Release|x64.ActiveCfg = Release|x64
		{6B824C81-DC4B-3278-B179-8989489D0E8E}.Release|x64.Build.0 = Release|x64
		{541F4E7F-D007-3A89-BC6A-652C381AED4F}.Debug|x64.ActiveCfg = Debug|x64
		{541F4E7F-D007-3A89-BC6A-652C381AED4F}.Debug|x64.Build.0 = Debug|x64
		{541F4E7F-D007-3A89-BC6A-652C381AED4F}.Release|x64.ActiveCfg = Release|x64
		{541F4E7F-D007-3A89-BC6A-652C381AED4F}.Release|x64.Build.0 = Release|x64
		{30048439-6B81-3AE3-8640-D5845F118D59}.Debug|x64.ActiveCfg = Debug|x64
		{30048439-6B81-3AE3-8640-D5845F118D59}.Debug|x64.Build.0 = Debug|x64
		{30048439-6B81-3AE3-8640-D5845F118D59}.Release|x64.ActiveCfg = Release|x64
		{30048439-6B81-3AE3-8640-D5845F118D59}.Release|x64.Build.0 = Release|x64
		{CBB169D6-0AD3-35A8-BC72-067F032B4C8C}.Debug|x64.ActiveCfg = Debug|x64
		{CBB169D6-0AD3-35A8-BC72-067F032B4C8C}.Debug|x64.Build.0 = Debug|x64
		{CBB169D6-0AD3-35A8-BC72-067F032B4C8C}.Release|x64.ActiveCfg = Release|x64
		{CBB169D6-0AD3-35A8-BC72-067F032B4C8C}.Release|x64.Build.0 = Release|x64
		{0AB5B24D-BAAF-395B-9665-80D2D49F6726}.Debug|x64.ActiveCfg = Debug|x64
		{0AB5B24D-BAAF-395B-9665-80D2D49F6726}.Debug|x64.Build.0 = Debug|x64
		{0AB5B24D-BAAF-395B-9665-80D2D49F6726}.Release|x64.ActiveCfg = Release|x64
		{0AB5B24D-BAAF-395B-9665-80D2D49F6726}.Release|x64.Build.0 = Release|x64
		{84FC4A97-2091-3860-AD08-E255EF36F5F3}.Debug|x64.ActiveCfg = Debug|x64
		{84FC4A97-2091-3860-AD08-E255EF36F5F3}.Debug|x64.Build.0 = Debug|x64
		{84FC4A97-2091-3860-AD08-E255EF36F5F3}.Release|x64.ActiveCfg = Release|x64
		{84FC4A97-2091-3860-AD08-E255EF36F5F3}.Release|x64.Build.0 = Release|x64
		{CE51CBD2-5422-372C-9B67-3C4BDFDD3E4B}.Debug|x64.ActiveCfg = Debug|x64
		{CE51CBD2-5422-372C-9B67-3C4BDFDD3E4B}.Debug|x64.Build.0 = Debug|x64
		{CE51CBD2-5422-372C-9B67-3C4BDFDD3E4B}.Release|x64.ActiveCfg = Release|x64
		{CE51CBD2-5422-372C-9B67-3C4BDFDD3E4B}.Release|x64.Build.0 = Release|x64
		{B00F67C9-18C3-302A-94C6-B144EC4A6DBE}.Debug|x64.ActiveCfg = Debug|x64
		{B00F67C9-18C3-302A-94C6-B144EC4A6DBE}.Debug|x64.Build.0 = Debug|x64
		{B00F67C9-18C3-302A-94C6-B144EC4A6DBE}.Release|x64.ActiveCfg = Release|x64
		{B00F67C9-18C3-302A-94C6-B144EC4A6DBE}.Release|x64.Build.0 = Release|x64
		{4FF02FEA-51FB-3702-807D-66F1C42621E6}.Debug|x64.ActiveCfg = Debug|x64
		{4FF02FEA-51FB-3702-807D-66F1C42621E6}.Debug|x64.Build.0 = Debug|x64
		{4FF02FEA-51FB-3702-807D-66F1C42621E6}.Release|x64.ActiveCfg = Release|x64
		{4FF02FEA-51FB-3702-807D-66F1C42621E6}.Release|x64.Build.0 = Release|x64
		{465A2FE9-4D01-3F8E-B4F7-BD507C40C453}.Debug|x64.ActiveCfg = Debug|x64
		{465A2FE9-4D01-3F8E-B4F7-BD507C40C453}.Debug|x64.Build.0 = Debug|x64
		{465A2FE9-4D01-3F8E-B4F7-BD507C40C453}.Release|x64.ActiveCfg = Release|x64
		{465A2FE9-4D01-3F8E-B4F7-BD507C40C453}.Release|x64.Build.0 = Release|x64
		{909823D4-657D-3ECF-B1F2-6B1C09289A77}.Debug|x64.ActiveCfg = Debug|x64
		{909823D4-657D-3ECF-B1F2-6B1C09289A77}.Debug|x64.Build.0 = Debug|x64
		{909823D4-657D-3ECF-B1F2-6B1C09289A77}.Release|x64.ActiveCfg = Release|x64
		{909823D4-657D-3ECF-B1F2-6B1C09289A77}.Release|x64.Build.0 = Release|x64
		{61872E03-04B8-3232-81C3-B32633E31ED6}.Debug|x64.ActiveCfg = Debug|x64
		{61872E03-04B8-3232-81C3-B32633E31ED6}.Debug|x64.Build.0 = Debug|x64
		{61872E03-04B8-3232-81C3-B32633E31ED6}.Release|x64.ActiveCfg = Release|x64
		{61872E03-04B8-3232-81C3-B32633E31ED6}.Release|x64.Build.0 = Release|x64
		{1A0EA1F4-1C7E-363F-89E6-F684F8C72233}.Debug|x64.ActiveCfg = Debug|x64
		{1A0EA1F4-1C7E-363F-89E6-F684F8C72233}.Debug|x64.Build.0 = Debug|x64
		{1A0EA1F4-1C7E-363F-89E6-F684F8C72233}.Release|x64.ActiveCfg = Release|x64
		{1A0EA1F4-1C7E-363F-89E6-F684F8C72233}.Release|x64.Build.0 = Release|x64
		{9B0F9161-DDF4-3F10-BCCE-7F2C2E3A31D6}.Debug|x64.ActiveCfg = Debug|x64
		{9B0F9161-DDF4-3F10-BCCE-7F2C2E3A31D6}.Debug|x64.Build.0 = Debug|x64
		{9B0F9161-DDF4-3F10-BCCE-7F2C2E3A31D6}.Release|x64.ActiveCfg = Release|x64
		{9B0F9161-DDF4-3F10-BCCE-7F2C2E3A31D6}.Release|x64.Build.0 = Release|x64
	EndGlobalSection
	GlobalSection(SolutionProperties) = preSolution
		HideSolutionNode = FALSE
	EndGlobalSection
EndGlobal
